
Microsoft Visual Studio Solution File, Format Version 12.00
# Visual Studio 15
Project("{FAE04EC0-301F-11D3-BF4B-00C04F79EFBC}") = "Assembly-CSharp", "Assembly-CSharp.csproj", "{A691FB25-32CE-B843-84E5-95230A62DB49}"
EndProject
Project("{FAE04EC0-301F-11D3-BF4B-00C04F79EFBC}") = "Assembly-CSharp-Editor", "Assembly-CSharp-Editor.csproj", "{EBDDC1FB-7996-F135-C7A9-8C9A7C397211}"
EndProject
Global
	GlobalSection(SolutionConfigurationPlatforms) = preSolution
		Debug|Any CPU = Debug|Any CPU
		Release|Any CPU = Release|Any CPU
	EndGlobalSection
	GlobalSection(ProjectConfigurationPlatforms) = postSolution
		{A691FB25-32CE-B843-84E5-95230A62DB49}.Debug|Any CPU.ActiveCfg = Debug|Any CPU
		{A691FB25-32CE-B843-84E5-95230A62DB49}.Debug|Any CPU.Build.0 = Debug|Any CPU
		{A691FB25-32CE-B843-84E5-95230A62DB49}.Release|Any CPU.ActiveCfg = Release|Any CPU
		{A691FB25-32CE-B843-84E5-95230A62DB49}.Release|Any CPU.Build.0 = Release|Any CPU
		{EBDDC1FB-7996-F135-C7A9-8C9A7C397211}.Debug|Any CPU.ActiveCfg = Debug|Any CPU
		{EBDDC1FB-7996-F135-C7A9-8C9A7C397211}.Debug|Any CPU.Build.0 = Debug|Any CPU
		{EBDDC1FB-7996-F135-C7A9-8C9A7C397211}.Release|Any CPU.ActiveCfg = Release|Any CPU
		{EBDDC1FB-7996-F135-C7A9-8C9A7C397211}.Release|Any CPU.Build.0 = Release|Any CPU
	EndGlobalSection
	GlobalSection(SolutionProperties) = preSolution
		HideSolutionNode = FALSE
	EndGlobalSection
EndGlobal
